
Microsoft Visual Studio Solution File, Format Version 12.00
# Visual Studio Version 17
VisualStudioVersion = 17.4.33103.184
MinimumVisualStudioVersion = 10.0.40219.1
Project("{9A19103F-16F7-4668-BE54-9A1E7A4F7556}") = "w2g.desktop", "w2g.desktop\w2g.desktop.csproj", "{72FFD98C-113F-4093-AC72-FF7F019ECD6B}"
EndProject
Project("{9A19103F-16F7-4668-BE54-9A1E7A4F7556}") = "w2g.core", "w2g.core\w2g.core.csproj", "{9FD3C17E-3E2A-4AD0-BBBB-E0C673CEF4FD}"
EndProject
Project("{9A19103F-16F7-4668-BE54-9A1E7A4F7556}") = "w2g.core.tests", "w2g.core.tests\w2g.core.tests.csproj", "{2A552CC5-822C-4308-B536-26DB41FB8FF8}"
EndProject
Project("{FAE04EC0-301F-11D3-BF4B-00C04F79EFBC}") = "w2g.ui", "w2g.ui\w2g.ui.csproj", "{8ACE0CAC-9DD0-4660-B8B0-BA217786AC24}"
EndProject
Project("{FAE04EC0-301F-11D3-BF4B-00C04F79EFBC}") = "w2g.core.standart", "w2g.core.standart\w2g.core.standart.csproj", "{8AF97299-692C-4217-9AF7-608CB614BCCA}"
EndProject
Global
	GlobalSection(SolutionConfigurationPlatforms) = preSolution
		Debug|Any CPU = Debug|Any CPU
		Debug|ARM = Debug|ARM
		Debug|ARM64 = Debug|ARM64
		Debug|x64 = Debug|x64
		Debug|x86 = Debug|x86
		Release|Any CPU = Release|Any CPU
		Release|ARM = Release|ARM
		Release|ARM64 = Release|ARM64
		Release|x64 = Release|x64
		Release|x86 = Release|x86
	EndGlobalSection
	GlobalSection(ProjectConfigurationPlatforms) = postSolution
		{72FFD98C-113F-4093-AC72-FF7F019ECD6B}.Debug|Any CPU.ActiveCfg = Debug|Any CPU
		{72FFD98C-113F-4093-AC72-FF7F019ECD6B}.Debug|Any CPU.Build.0 = Debug|Any CPU
		{72FFD98C-113F-4093-AC72-FF7F019ECD6B}.Debug|ARM.ActiveCfg = Debug|Any CPU
		{72FFD98C-113F-4093-AC72-FF7F019ECD6B}.Debug|ARM.Build.0 = Debug|Any CPU
		{72FFD98C-113F-4093-AC72-FF7F019ECD6B}.Debug|ARM64.ActiveCfg = Debug|Any CPU
		{72FFD98C-113F-4093-AC72-FF7F019ECD6B}.Debug|ARM64.Build.0 = Debug|Any CPU
		{72FFD98C-113F-4093-AC72-FF7F019ECD6B}.Debug|x64.ActiveCfg = Debug|Any CPU
		{72FFD98C-113F-4093-AC72-FF7F019ECD6B}.Debug|x64.Build.0 = Debug|Any CPU
		{72FFD98C-113F-4093-AC72-FF7F019ECD6B}.Debug|x86.ActiveCfg = Debug|Any CPU
		{72FFD98C-113F-4093-AC72-FF7F019ECD6B}.Debug|x86.Build.0 = Debug|Any CPU
		{72FFD98C-113F-4093-AC72-FF7F019ECD6B}.Release|Any CPU.ActiveCfg = Release|Any CPU
		{72FFD98C-113F-4093-AC72-FF7F019ECD6B}.Release|Any CPU.Build.0 = Release|Any CPU
		{72FFD98C-113F-4093-AC72-FF7F019ECD6B}.Release|ARM.ActiveCfg = Release|Any CPU
		{72FFD98C-113F-4093-AC72-FF7F019ECD6B}.Release|ARM.Build.0 = Release|Any CPU
		{72FFD98C-113F-4093-AC72-FF7F019ECD6B}.Release|ARM64.ActiveCfg = Release|Any CPU
		{72FFD98C-113F-4093-AC72-FF7F019ECD6B}.Release|ARM64.Build.0 = Release|Any CPU
		{72FFD98C-113F-4093-AC72-FF7F019ECD6B}.Release|x64.ActiveCfg = Release|Any CPU
		{72FFD98C-113F-4093-AC72-FF7F019ECD6B}.Release|x64.Build.0 = Release|Any CPU
		{72FFD98C-113F-4093-AC72-FF7F019ECD6B}.Release|x86.ActiveCfg = Release|Any CPU
		{72FFD98C-113F-4093-AC72-FF7F019ECD6B}.Release|x86.Build.0 = Release|Any CPU
		{9FD3C17E-3E2A-4AD0-BBBB-E0C673CEF4FD}.Debug|Any CPU.ActiveCfg = Debug|Any CPU
		{9FD3C17E-3E2A-4AD0-BBBB-E0C673CEF4FD}.Debug|Any CPU.Build.0 = Debug|Any CPU
		{9FD3C17E-3E2A-4AD0-BBBB-E0C673CEF4FD}.Debug|ARM.ActiveCfg = Debug|Any CPU
		{9FD3C17E-3E2A-4AD0-BBBB-E0C673CEF4FD}.Debug|ARM.Build.0 = Debug|Any CPU
		{9FD3C17E-3E2A-4AD0-BBBB-E0C673CEF4FD}.Debug|ARM64.ActiveCfg = Debug|Any CPU
		{9FD3C17E-3E2A-4AD0-BBBB-E0C673CEF4FD}.Debug|ARM64.Build.0 = Debug|Any CPU
		{9FD3C17E-3E2A-4AD0-BBBB-E0C673CEF4FD}.Debug|x64.ActiveCfg = Debug|Any CPU
		{9FD3C17E-3E2A-4AD0-BBBB-E0C673CEF4FD}.Debug|x64.Build.0 = Debug|Any CPU
		{9FD3C17E-3E2A-4AD0-BBBB-E0C673CEF4FD}.Debug|x86.ActiveCfg = Debug|Any CPU
		{9FD3C17E-3E2A-4AD0-BBBB-E0C673CEF4FD}.Debug|x86.Build.0 = Debug|Any CPU
		{9FD3C17E-3E2A-4AD0-BBBB-E0C673CEF4FD}.Release|Any CPU.ActiveCfg = Release|Any CPU
		{9FD3C17E-3E2A-4AD0-BBBB-E0C673CEF4FD}.Release|Any CPU.Build.0 = Release|Any CPU
		{9FD3C17E-3E2A-4AD0-BBBB-E0C673CEF4FD}.Release|ARM.ActiveCfg = Release|Any CPU
		{9FD3C17E-3E2A-4AD0-BBBB-E0C673CEF4FD}.Release|ARM.Build.0 = Release|Any CPU
		{9FD3C17E-3E2A-4AD0-BBBB-E0C673CEF4FD}.Release|ARM64.ActiveCfg = Release|Any CPU
		{9FD3C17E-3E2A-4AD0-BBBB-E0C673CEF4FD}.Release|ARM64.Build.0 = Release|Any CPU
		{9FD3C17E-3E2A-4AD0-BBBB-E0C673CEF4FD}.Release|x64.ActiveCfg = Release|Any CPU
		{9FD3C17E-3E2A-4AD0-BBBB-E0C673CEF4FD}.Release|x64.Build.0 = Release|Any CPU
		{9FD3C17E-3E2A-4AD0-BBBB-E0C673CEF4FD}.Release|x86.ActiveCfg = Release|Any CPU
		{9FD3C17E-3E2A-4AD0-BBBB-E0C673CEF4FD}.Release|x86.Build.0 = Release|Any CPU
		{2A552CC5-822C-4308-B536-26DB41FB8FF8}.Debug|Any CPU.ActiveCfg = Debug|Any CPU
		{2A552CC5-822C-4308-B536-26DB41FB8FF8}.Debug|Any CPU.Build.0 = Debug|Any CPU
		{2A552CC5-822C-4308-B536-26DB41FB8FF8}.Debug|ARM.ActiveCfg = Debug|Any CPU
		{2A552CC5-822C-4308-B536-26DB41FB8FF8}.Debug|ARM.Build.0 = Debug|Any CPU
		{2A552CC5-822C-4308-B536-26DB41FB8FF8}.Debug|ARM64.ActiveCfg = Debug|Any CPU
		{2A552CC5-822C-4308-B536-26DB41FB8FF8}.Debug|ARM64.Build.0 = Debug|Any CPU
		{2A552CC5-822C-4308-B536-26DB41FB8FF8}.Debug|x64.ActiveCfg = Debug|Any CPU
		{2A552CC5-822C-4308-B536-26DB41FB8FF8}.Debug|x64.Build.0 = Debug|Any CPU
		{2A552CC5-822C-4308-B536-26DB41FB8FF8}.Debug|x86.ActiveCfg = Debug|Any CPU
		{2A552CC5-822C-4308-B536-26DB41FB8FF8}.Debug|x86.Build.0 = Debug|Any CPU
		{2A552CC5-822C-4308-B536-26DB41FB8FF8}.Release|Any CPU.ActiveCfg = Release|Any CPU
		{2A552CC5-822C-4308-B536-26DB41FB8FF8}.Release|Any CPU.Build.0 = Release|Any CPU
		{2A552CC5-822C-4308-B536-26DB41FB8FF8}.Release|ARM.ActiveCfg = Release|Any CPU
		{2A552CC5-822C-4308-B536-26DB41FB8FF8}.Release|ARM.Build.0 = Release|Any CPU
		{2A552CC5-822C-4308-B536-26DB41FB8FF8}.Release|ARM64.ActiveCfg = Release|Any CPU
		{2A552CC5-822C-4308-B536-26DB41FB8FF8}.Release|ARM64.Build.0 = Release|Any CPU
		{2A552CC5-822C-4308-B536-26DB41FB8FF8}.Release|x64.ActiveCfg = Release|Any CPU
		{2A552CC5-822C-4308-B536-26DB41FB8FF8}.Release|x64.Build.0 = Release|Any CPU
		{2A552CC5-822C-4308-B536-26DB41FB8FF8}.Release|x86.ActiveCfg = Release|Any CPU
		{2A552CC5-822C-4308-B536-26DB41FB8FF8}.Release|x86.Build.0 = Release|Any CPU
		{8ACE0CAC-9DD0-4660-B8B0-BA217786AC24}.Debug|Any CPU.ActiveCfg = Debug|x64
		{8ACE0CAC-9DD0-4660-B8B0-BA217786AC24}.Debug|Any CPU.Build.0 = Debug|x64
		{8ACE0CAC-9DD0-4660-B8B0-BA217786AC24}.Debug|Any CPU.Deploy.0 = Debug|x64
		{8ACE0CAC-9DD0-4660-B8B0-BA217786AC24}.Debug|ARM.ActiveCfg = Debug|ARM
		{8ACE0CAC-9DD0-4660-B8B0-BA217786AC24}.Debug|ARM.Build.0 = Debug|ARM
		{8ACE0CAC-9DD0-4660-B8B0-BA217786AC24}.Debug|ARM.Deploy.0 = Debug|ARM
		{8ACE0CAC-9DD0-4660-B8B0-BA217786AC24}.Debug|ARM64.ActiveCfg = Debug|ARM64
		{8ACE0CAC-9DD0-4660-B8B0-BA217786AC24}.Debug|ARM64.Build.0 = Debug|ARM64
		{8ACE0CAC-9DD0-4660-B8B0-BA217786AC24}.Debug|ARM64.Deploy.0 = Debug|ARM64
		{8ACE0CAC-9DD0-4660-B8B0-BA217786AC24}.Debug|x64.ActiveCfg = Debug|x64
		{8ACE0CAC-9DD0-4660-B8B0-BA217786AC24}.Debug|x64.Build.0 = Debug|x64
		{8ACE0CAC-9DD0-4660-B8B0-BA217786AC24}.Debug|x64.Deploy.0 = Debug|x64
		{8ACE0CAC-9DD0-4660-B8B0-BA217786AC24}.Debug|x86.ActiveCfg = Debug|x86
		{8ACE0CAC-9DD0-4660-B8B0-BA217786AC24}.Debug|x86.Build.0 = Debug|x86
		{8ACE0CAC-9DD0-4660-B8B0-BA217786AC24}.Debug|x86.Deploy.0 = Debug|x86
		{8ACE0CAC-9DD0-4660-B8B0-BA217786AC24}.Release|Any CPU.ActiveCfg = Release|x64
		{8ACE0CAC-9DD0-4660-B8B0-BA217786AC24}.Release|Any CPU.Build.0 = Release|x64
		{8ACE0CAC-9DD0-4660-B8B0-BA217786AC24}.Release|Any CPU.Deploy.0 = Release|x64
		{8ACE0CAC-9DD0-4660-B8B0-BA217786AC24}.Release|ARM.ActiveCfg = Release|ARM
		{8ACE0CAC-9DD0-4660-B8B0-BA217786AC24}.Release|ARM.Build.0 = Release|ARM
		{8ACE0CAC-9DD0-4660-B8B0-BA217786AC24}.Release|ARM.Deploy.0 = Release|ARM
		{8ACE0CAC-9DD0-4660-B8B0-BA217786AC24}.Release|ARM64.ActiveCfg = Release|ARM64
		{8ACE0CAC-9DD0-4660-B8B0-BA217786AC24}.Release|ARM64.Build.0 = Release|ARM64
		{8ACE0CAC-9DD0-4660-B8B0-BA217786AC24}.Release|ARM64.Deploy.0 = Release|ARM64
		{8ACE0CAC-9DD0-4660-B8B0-BA217786AC24}.Release|x64.ActiveCfg = Release|x64
		{8ACE0CAC-9DD0-4660-B8B0-BA217786AC24}.Release|x64.Build.0 = Release|x64
		{8ACE0CAC-9DD0-4660-B8B0-BA217786AC24}.Release|x64.Deploy.0 = Release|x64
		{8ACE0CAC-9DD0-4660-B8B0-BA217786AC24}.Release|x86.ActiveCfg = Release|x86
		{8ACE0CAC-9DD0-4660-B8B0-BA217786AC24}.Release|x86.Build.0 = Release|x86
		{8ACE0CAC-9DD0-4660-B8B0-BA217786AC24}.Release|x86.Deploy.0 = Release|x86
		{8AF97299-692C-4217-9AF7-608CB614BCCA}.Debug|Any CPU.ActiveCfg = Debug|Any CPU
		{8AF97299-692C-4217-9AF7-608CB614BCCA}.Debug|Any CPU.Build.0 = Debug|Any CPU
		{8AF97299-692C-4217-9AF7-608CB614BCCA}.Debug|ARM.ActiveCfg = Debug|Any CPU
		{8AF97299-692C-4217-9AF7-608CB614BCCA}.Debug|ARM.Build.0 = Debug|Any CPU
		{8AF97299-692C-4217-9AF7-608CB614BCCA}.Debug|ARM64.ActiveCfg = Debug|Any CPU
		{8AF97299-692C-4217-9AF7-608CB614BCCA}.Debug|ARM64.Build.0 = Debug|Any CPU
		{8AF97299-692C-4217-9AF7-608CB614BCCA}.Debug|x64.ActiveCfg = Debug|Any CPU
		{8AF97299-692C-4217-9AF7-608CB614BCCA}.Debug|x64.Build.0 = Debug|Any CPU
		{8AF97299-692C-4217-9AF7-608CB614BCCA}.Debug|x86.ActiveCfg = Debug|Any CPU
		{8AF97299-692C-4217-9AF7-608CB614BCCA}.Debug|x86.Build.0 = Debug|Any CPU
		{8AF97299-692C-4217-9AF7-608CB614BCCA}.Release|Any CPU.ActiveCfg = Release|Any CPU
		{8AF97299-692C-4217-9AF7-608CB614BCCA}.Release|Any CPU.Build.0 = Release|Any CPU
		{8AF97299-692C-4217-9AF7-608CB614BCCA}.Release|ARM.ActiveCfg = Release|Any CPU
		{8AF97299-692C-4217-9AF7-608CB614BCCA}.Release|ARM.Build.0 = Release|Any CPU
		{8AF97299-692C-4217-9AF7-608CB614BCCA}.Release|ARM64.ActiveCfg = Release|Any CPU
		{8AF97299-692C-4217-9AF7-608CB614BCCA}.Release|ARM64.Build.0 = Release|Any CPU
		{8AF97299-692C-4217-9AF7-608CB614BCCA}.Release|x64.ActiveCfg = Release|Any CPU
		{8AF97299-692C-4217-9AF7-608CB614BCCA}.Release|x64.Build.0 = Release|Any CPU
		{8AF97299-692C-4217-9AF7-608CB614BCCA}.Release|x86.ActiveCfg = Release|Any CPU
		{8AF97299-692C-4217-9AF7-608CB614BCCA}.Release|x86.Build.0 = Release|Any CPU
	EndGlobalSection
	GlobalSection(SolutionProperties) = preSolution
		HideSolutionNode = FALSE
	EndGlobalSection
	GlobalSection(ExtensibilityGlobals) = postSolution
		SolutionGuid = {84D90AC7-1912-4703-9EBB-C47B364A6F48}
	EndGlobalSection
EndGlobal
